
Microsoft Visual Studio Solution File, Format Version 12.00
# Visual Studio Version 17
VisualStudioVersion = 17.0.32014.148
MinimumVisualStudioVersion = 10.0.40219.1
Project("{8BC9CEB8-8B4A-11D0-8D11-00A0C91BC942}") = "Lab 6 - Dynamic Games", "Lab 6 - Dynamic Games\Lab 6 - Dynamic Games.vcxproj", "{918422E6-1BEB-478C-9848-BD569CA4C83F}"
EndProject
Global
	GlobalSection(SolutionConfigurationPlatforms) = preSolution
		Debug|x64 = Debug|x64
		Debug|x86 = Debug|x86
		Release|x64 = Release|x64
		Release|x86 = Release|x86
	EndGlobalSection
	GlobalSection(ProjectConfigurationPlatforms) = postSolution
		{918422E6-1BEB-478C-9848-BD569CA4C83F}.Debug|x64.ActiveCfg = Debug|x64
		{918422E6-1BEB-478C-9848-BD569CA4C83F}.Debug|x64.Build.0 = Debug|x64
		{918422E6-1BEB-478C-9848-BD569CA4C83F}.Debug|x86.ActiveCfg = Debug|Win32
		{918422E6-1BEB-478C-9848-BD569CA4C83F}.Debug|x86.Build.0 = Debug|Win32
		{918422E6-1BEB-478C-9848-BD569CA4C83F}.Release|x64.ActiveCfg = Release|x64
		{918422E6-1BEB-478C-9848-BD569CA4C83F}.Release|x64.Build.0 = Release|x64
		{918422E6-1BEB-478C-9848-BD569CA4C83F}.Release|x86.ActiveCfg = Release|Win32
		{918422E6-1BEB-478C-9848-BD569CA4C83F}.Release|x86.Build.0 = Release|Win32
	EndGlobalSection
	GlobalSection(SolutionProperties) = preSolution
		HideSolutionNode = FALSE
	EndGlobalSection
	GlobalSection(ExtensibilityGlobals) = postSolution
		SolutionGuid = {BAB37A4C-3986-4D36-AEA5-0D59FE5FDD35}
	EndGlobalSection
EndGlobal
